// !$*UTF8*$!
{
	archiveVersion = 1;
	classes = {
	};
	objectVersion = 55;
	objects = {

/* Begin PBXBuildFile section */
		2D94778B27C5AA600084EA50 /* FaireMobileTakeHomeProjectApp.swift in Sources */ = {isa = PBXBuildFile; fileRef = 2D94778A27C5AA600084EA50 /* FaireMobileTakeHomeProjectApp.swift */; };
		2D94778D27C5AA600084EA50 /* WeatherView.swift in Sources */ = {isa = PBXBuildFile; fileRef = 2D94778C27C5AA600084EA50 /* WeatherView.swift */; };
		2D94778F27C5AA620084EA50 /* Assets.xcassets in Resources */ = {isa = PBXBuildFile; fileRef = 2D94778E27C5AA620084EA50 /* Assets.xcassets */; };
		2D94779227C5AA620084EA50 /* Preview Assets.xcassets in Resources */ = {isa = PBXBuildFile; fileRef = 2D94779127C5AA620084EA50 /* Preview Assets.xcassets */; };
		2D94779C27C5AA620084EA50 /* FaireMobileTakeHomeProjectTests.swift in Sources */ = {isa = PBXBuildFile; fileRef = 2D94779B27C5AA620084EA50 /* FaireMobileTakeHomeProjectTests.swift */; };
		2D9477A627C5AA620084EA50 /* FaireMobileTakeHomeProjectUITests.swift in Sources */ = {isa = PBXBuildFile; fileRef = 2D9477A527C5AA620084EA50 /* FaireMobileTakeHomeProjectUITests.swift */; };
		2D9477A827C5AA620084EA50 /* FaireMobileTakeHomeProjectUITestsLaunchTests.swift in Sources */ = {isa = PBXBuildFile; fileRef = 2D9477A727C5AA620084EA50 /* FaireMobileTakeHomeProjectUITestsLaunchTests.swift */; };
		2D9477B527C5AA970084EA50 /* WeatherModel.swift in Sources */ = {isa = PBXBuildFile; fileRef = 2D9477B427C5AA970084EA50 /* WeatherModel.swift */; };
		2D9477B727C5AAA80084EA50 /* WeatherViewModel.swift in Sources */ = {isa = PBXBuildFile; fileRef = 2D9477B627C5AAA80084EA50 /* WeatherViewModel.swift */; };
		2D9477BB27C5C44D0084EA50 /* DetailedWeatherView.swift in Sources */ = {isa = PBXBuildFile; fileRef = 2D9477BA27C5C44D0084EA50 /* DetailedWeatherView.swift */; };
		2D9477BD27C5C78C0084EA50 /* WeatherService.swift in Sources */ = {isa = PBXBuildFile; fileRef = 2D9477BC27C5C78C0084EA50 /* WeatherService.swift */; };
		2D9477BF27C5CA0D0084EA50 /* WeatherTests.swift in Sources */ = {isa = PBXBuildFile; fileRef = 2D9477BE27C5CA0D0084EA50 /* WeatherTests.swift */; };
		2D9477C127C5CA960084EA50 /* MockWeatherService.swift in Sources */ = {isa = PBXBuildFile; fileRef = 2D9477C027C5CA960084EA50 /* MockWeatherService.swift */; };
		2D9477C627C5D4FB0084EA50 /* GuaranteeMainThread.swift in Sources */ = {isa = PBXBuildFile; fileRef = 2D9477C527C5D4FB0084EA50 /* GuaranteeMainThread.swift */; };
/* End PBXBuildFile section */

/* Begin PBXContainerItemProxy section */
		2D94779827C5AA620084EA50 /* PBXContainerItemProxy */ = {
			isa = PBXContainerItemProxy;
			containerPortal = 2D94777F27C5AA600084EA50 /* Project object */;
			proxyType = 1;
			remoteGlobalIDString = 2D94778627C5AA600084EA50;
			remoteInfo = FaireMobileTakeHomeProject;
		};
		2D9477A227C5AA620084EA50 /* PBXContainerItemProxy */ = {
			isa = PBXContainerItemProxy;
			containerPortal = 2D94777F27C5AA600084EA50 /* Project object */;
			proxyType = 1;
			remoteGlobalIDString = 2D94778627C5AA600084EA50;
			remoteInfo = FaireMobileTakeHomeProject;
		};
/* End PBXContainerItemProxy section */

/* Begin PBXFileReference section */
		2D94778727C5AA600084EA50 /* FaireMobileTakeHomeProject.app */ = {isa = PBXFileReference; explicitFileType = wrapper.application; includeInIndex = 0; path = FaireMobileTakeHomeProject.app; sourceTree = BUILT_PRODUCTS_DIR; };
		2D94778A27C5AA600084EA50 /* FaireMobileTakeHomeProjectApp.swift */ = {isa = PBXFileReference; lastKnownFileType = sourcecode.swift; path = FaireMobileTakeHomeProjectApp.swift; sourceTree = "<group>"; };
		2D94778C27C5AA600084EA50 /* WeatherView.swift */ = {isa = PBXFileReference; lastKnownFileType = sourcecode.swift; path = WeatherView.swift; sourceTree = "<group>"; };
		2D94778E27C5AA620084EA50 /* Assets.xcassets */ = {isa = PBXFileReference; lastKnownFileType = folder.assetcatalog; path = Assets.xcassets; sourceTree = "<group>"; };
		2D94779127C5AA620084EA50 /* Preview Assets.xcassets */ = {isa = PBXFileReference; lastKnownFileType = folder.assetcatalog; path = "Preview Assets.xcassets"; sourceTree = "<group>"; };
		2D94779727C5AA620084EA50 /* FaireMobileTakeHomeProjectTests.xctest */ = {isa = PBXFileReference; explicitFileType = wrapper.cfbundle; includeInIndex = 0; path = FaireMobileTakeHomeProjectTests.xctest; sourceTree = BUILT_PRODUCTS_DIR; };
		2D94779B27C5AA620084EA50 /* FaireMobileTakeHomeProjectTests.swift */ = {isa = PBXFileReference; lastKnownFileType = sourcecode.swift; path = FaireMobileTakeHomeProjectTests.swift; sourceTree = "<group>"; };
		2D9477A127C5AA620084EA50 /* FaireMobileTakeHomeProjectUITests.xctest */ = {isa = PBXFileReference; explicitFileType = wrapper.cfbundle; includeInIndex = 0; path = FaireMobileTakeHomeProjectUITests.xctest; sourceTree = BUILT_PRODUCTS_DIR; };
		2D9477A527C5AA620084EA50 /* FaireMobileTakeHomeProjectUITests.swift */ = {isa = PBXFileReference; lastKnownFileType = sourcecode.swift; path = FaireMobileTakeHomeProjectUITests.swift; sourceTree = "<group>"; };
		2D9477A727C5AA620084EA50 /* FaireMobileTakeHomeProjectUITestsLaunchTests.swift */ = {isa = PBXFileReference; lastKnownFileType = sourcecode.swift; path = FaireMobileTakeHomeProjectUITestsLaunchTests.swift; sourceTree = "<group>"; };
		2D9477B427C5AA970084EA50 /* WeatherModel.swift */ = {isa = PBXFileReference; lastKnownFileType = sourcecode.swift; path = WeatherModel.swift; sourceTree = "<group>"; };
		2D9477B627C5AAA80084EA50 /* WeatherViewModel.swift */ = {isa = PBXFileReference; lastKnownFileType = sourcecode.swift; path = WeatherViewModel.swift; sourceTree = "<group>"; };
		2D9477BA27C5C44D0084EA50 /* DetailedWeatherView.swift */ = {isa = PBXFileReference; lastKnownFileType = sourcecode.swift; path = DetailedWeatherView.swift; sourceTree = "<group>"; };
		2D9477BC27C5C78C0084EA50 /* WeatherService.swift */ = {isa = PBXFileReference; lastKnownFileType = sourcecode.swift; path = WeatherService.swift; sourceTree = "<group>"; };
		2D9477BE27C5CA0D0084EA50 /* WeatherTests.swift */ = {isa = PBXFileReference; lastKnownFileType = sourcecode.swift; path = WeatherTests.swift; sourceTree = "<group>"; };
		2D9477C027C5CA960084EA50 /* MockWeatherService.swift */ = {isa = PBXFileReference; lastKnownFileType = sourcecode.swift; path = MockWeatherService.swift; sourceTree = "<group>"; };
		2D9477C527C5D4FB0084EA50 /* GuaranteeMainThread.swift */ = {isa = PBXFileReference; lastKnownFileType = sourcecode.swift; path = GuaranteeMainThread.swift; sourceTree = "<group>"; };
/* End PBXFileReference section */

/* Begin PBXFrameworksBuildPhase section */
		2D94778427C5AA600084EA50 /* Frameworks */ = {
			isa = PBXFrameworksBuildPhase;
			buildActionMask = 2147483647;
			files = (
			);
			runOnlyForDeploymentPostprocessing = 0;
		};
		2D94779427C5AA620084EA50 /* Frameworks */ = {
			isa = PBXFrameworksBuildPhase;
			buildActionMask = 2147483647;
			files = (
			);
			runOnlyForDeploymentPostprocessing = 0;
		};
		2D94779E27C5AA620084EA50 /* Frameworks */ = {
			isa = PBXFrameworksBuildPhase;
			buildActionMask = 2147483647;
			files = (
			);
			runOnlyForDeploymentPostprocessing = 0;
		};
/* End PBXFrameworksBuildPhase section */

/* Begin PBXGroup section */
		2D94777E27C5AA600084EA50 = {
			isa = PBXGroup;
			children = (
				2D94778927C5AA600084EA50 /* FaireMobileTakeHomeProject */,
				2D94779A27C5AA620084EA50 /* FaireMobileTakeHomeProjectTests */,
				2D9477A427C5AA620084EA50 /* FaireMobileTakeHomeProjectUITests */,
				2D94778827C5AA600084EA50 /* Products */,
			);
			sourceTree = "<group>";
		};
		2D94778827C5AA600084EA50 /* Products */ = {
			isa = PBXGroup;
			children = (
				2D94778727C5AA600084EA50 /* FaireMobileTakeHomeProject.app */,
				2D94779727C5AA620084EA50 /* FaireMobileTakeHomeProjectTests.xctest */,
				2D9477A127C5AA620084EA50 /* FaireMobileTakeHomeProjectUITests.xctest */,
			);
			name = Products;
			sourceTree = "<group>";
		};
		2D94778927C5AA600084EA50 /* FaireMobileTakeHomeProject */ = {
			isa = PBXGroup;
			children = (
				2D94778A27C5AA600084EA50 /* FaireMobileTakeHomeProjectApp.swift */,
				2D9477C227C5D0AB0084EA50 /* Helpers */,
				2D9477B927C5C4200084EA50 /* Weather */,
				2D9477B827C5AAD30084EA50 /* DetailedWeather */,
				2D94778E27C5AA620084EA50 /* Assets.xcassets */,
				2D94779027C5AA620084EA50 /* Preview Content */,
			);
			path = FaireMobileTakeHomeProject;
			sourceTree = "<group>";
		};
		2D94779027C5AA620084EA50 /* Preview Content */ = {
			isa = PBXGroup;
			children = (
				2D94779127C5AA620084EA50 /* Preview Assets.xcassets */,
			);
			path = "Preview Content";
			sourceTree = "<group>";
		};
		2D94779A27C5AA620084EA50 /* FaireMobileTakeHomeProjectTests */ = {
			isa = PBXGroup;
			children = (
				2D94779B27C5AA620084EA50 /* FaireMobileTakeHomeProjectTests.swift */,
				2D9477BE27C5CA0D0084EA50 /* WeatherTests.swift */,
				2D9477C027C5CA960084EA50 /* MockWeatherService.swift */,
			);
			path = FaireMobileTakeHomeProjectTests;
			sourceTree = "<group>";
		};
		2D9477A427C5AA620084EA50 /* FaireMobileTakeHomeProjectUITests */ = {
			isa = PBXGroup;
			children = (
				2D9477A527C5AA620084EA50 /* FaireMobileTakeHomeProjectUITests.swift */,
				2D9477A727C5AA620084EA50 /* FaireMobileTakeHomeProjectUITestsLaunchTests.swift */,
			);
			path = FaireMobileTakeHomeProjectUITests;
			sourceTree = "<group>";
		};
		2D9477B827C5AAD30084EA50 /* DetailedWeather */ = {
			isa = PBXGroup;
			children = (
				2D9477BA27C5C44D0084EA50 /* DetailedWeatherView.swift */,
			);
			path = DetailedWeather;
			sourceTree = "<group>";
		};
		2D9477B927C5C4200084EA50 /* Weather */ = {
			isa = PBXGroup;
			children = (
				2D94778C27C5AA600084EA50 /* WeatherView.swift */,
				2D9477B627C5AAA80084EA50 /* WeatherViewModel.swift */,
				2D9477B427C5AA970084EA50 /* WeatherModel.swift */,
				2D9477BC27C5C78C0084EA50 /* WeatherService.swift */,
			);
			path = Weather;
			sourceTree = "<group>";
		};
		2D9477C227C5D0AB0084EA50 /* Helpers */ = {
			isa = PBXGroup;
			children = (
				2D9477C527C5D4FB0084EA50 /* GuaranteeMainThread.swift */,
			);
			path = Helpers;
			sourceTree = "<group>";
		};
/* End PBXGroup section */

/* Begin PBXNativeTarget section */
		2D94778627C5AA600084EA50 /* FaireMobileTakeHomeProject */ = {
			isa = PBXNativeTarget;
			buildConfigurationList = 2D9477AB27C5AA620084EA50 /* Build configuration list for PBXNativeTarget "FaireMobileTakeHomeProject" */;
			buildPhases = (
				2D94778327C5AA600084EA50 /* Sources */,
				2D94778427C5AA600084EA50 /* Frameworks */,
				2D94778527C5AA600084EA50 /* Resources */,
			);
			buildRules = (
			);
			dependencies = (
			);
			name = FaireMobileTakeHomeProject;
			productName = FaireMobileTakeHomeProject;
			productReference = 2D94778727C5AA600084EA50 /* FaireMobileTakeHomeProject.app */;
			productType = "com.apple.product-type.application";
		};
		2D94779627C5AA620084EA50 /* FaireMobileTakeHomeProjectTests */ = {
			isa = PBXNativeTarget;
			buildConfigurationList = 2D9477AE27C5AA620084EA50 /* Build configuration list for PBXNativeTarget "FaireMobileTakeHomeProjectTests" */;
			buildPhases = (
				2D94779327C5AA620084EA50 /* Sources */,
				2D94779427C5AA620084EA50 /* Frameworks */,
				2D94779527C5AA620084EA50 /* Resources */,
			);
			buildRules = (
			);
			dependencies = (
				2D94779927C5AA620084EA50 /* PBXTargetDependency */,
			);
			name = FaireMobileTakeHomeProjectTests;
			productName = FaireMobileTakeHomeProjectTests;
			productReference = 2D94779727C5AA620084EA50 /* FaireMobileTakeHomeProjectTests.xctest */;
			productType = "com.apple.product-type.bundle.unit-test";
		};
		2D9477A027C5AA620084EA50 /* FaireMobileTakeHomeProjectUITests */ = {
			isa = PBXNativeTarget;
			buildConfigurationList = 2D9477B127C5AA620084EA50 /* Build configuration list for PBXNativeTarget "FaireMobileTakeHomeProjectUITests" */;
			buildPhases = (
				2D94779D27C5AA620084EA50 /* Sources */,
				2D94779E27C5AA620084EA50 /* Frameworks */,
				2D94779F27C5AA620084EA50 /* Resources */,
			);
			buildRules = (
			);
			dependencies = (
				2D9477A327C5AA620084EA50 /* PBXTargetDependency */,
			);
			name = FaireMobileTakeHomeProjectUITests;
			productName = FaireMobileTakeHomeProjectUITests;
			productReference = 2D9477A127C5AA620084EA50 /* FaireMobileTakeHomeProjectUITests.xctest */;
			productType = "com.apple.product-type.bundle.ui-testing";
		};
/* End PBXNativeTarget section */

/* Begin PBXProject section */
		2D94777F27C5AA600084EA50 /* Project object */ = {
			isa = PBXProject;
			attributes = {
				BuildIndependentTargetsInParallel = 1;
				LastSwiftUpdateCheck = 1320;
				LastUpgradeCheck = 1320;
				TargetAttributes = {
					2D94778627C5AA600084EA50 = {
						CreatedOnToolsVersion = 13.2.1;
					};
					2D94779627C5AA620084EA50 = {
						CreatedOnToolsVersion = 13.2.1;
						TestTargetID = 2D94778627C5AA600084EA50;
					};
					2D9477A027C5AA620084EA50 = {
						CreatedOnToolsVersion = 13.2.1;
						TestTargetID = 2D94778627C5AA600084EA50;
					};
				};
			};
			buildConfigurationList = 2D94778227C5AA600084EA50 /* Build configuration list for PBXProject "FaireMobileTakeHomeProject" */;
			compatibilityVersion = "Xcode 13.0";
			developmentRegion = en;
			hasScannedForEncodings = 0;
			knownRegions = (
				en,
				Base,
			);
			mainGroup = 2D94777E27C5AA600084EA50;
			productRefGroup = 2D94778827C5AA600084EA50 /* Products */;
			projectDirPath = "";
			projectRoot = "";
			targets = (
				2D94778627C5AA600084EA50 /* FaireMobileTakeHomeProject */,
				2D94779627C5AA620084EA50 /* FaireMobileTakeHomeProjectTests */,
				2D9477A027C5AA620084EA50 /* FaireMobileTakeHomeProjectUITests */,
			);
		};
/* End PBXProject section */

/* Begin PBXResourcesBuildPhase section */
		2D94778527C5AA600084EA50 /* Resources */ = {
			isa = PBXResourcesBuildPhase;
			buildActionMask = 2147483647;
			files = (
				2D94779227C5AA620084EA50 /* Preview Assets.xcassets in Resources */,
				2D94778F27C5AA620084EA50 /* Assets.xcassets in Resources */,
			);
			runOnlyForDeploymentPostprocessing = 0;
		};
		2D94779527C5AA620084EA50 /* Resources */ = {
			isa = PBXResourcesBuildPhase;
			buildActionMask = 2147483647;
			files = (
			);
			runOnlyForDeploymentPostprocessing = 0;
		};
		2D94779F27C5AA620084EA50 /* Resources */ = {
			isa = PBXResourcesBuildPhase;
			buildActionMask = 2147483647;
			files = (
			);
			runOnlyForDeploymentPostprocessing = 0;
		};
/* End PBXResourcesBuildPhase section */

/* Begin PBXSourcesBuildPhase section */
		2D94778327C5AA600084EA50 /* Sources */ = {
			isa = PBXSourcesBuildPhase;
			buildActionMask = 2147483647;
			files = (
				2D9477B527C5AA970084EA50 /* WeatherModel.swift in Sources */,
				2D9477BB27C5C44D0084EA50 /* DetailedWeatherView.swift in Sources */,
				2D94778D27C5AA600084EA50 /* WeatherView.swift in Sources */,
				2D9477B727C5AAA80084EA50 /* WeatherViewModel.swift in Sources */,
				2D9477BD27C5C78C0084EA50 /* WeatherService.swift in Sources */,
				2D94778B27C5AA600084EA50 /* FaireMobileTakeHomeProjectApp.swift in Sources */,
				2D9477C627C5D4FB0084EA50 /* GuaranteeMainThread.swift in Sources */,
			);
			runOnlyForDeploymentPostprocessing = 0;
		};
		2D94779327C5AA620084EA50 /* Sources */ = {
			isa = PBXSourcesBuildPhase;
			buildActionMask = 2147483647;
			files = (
				2D9477C127C5CA960084EA50 /* MockWeatherService.swift in Sources */,
				2D9477BF27C5CA0D0084EA50 /* WeatherTests.swift in Sources */,
				2D94779C27C5AA620084EA50 /* FaireMobileTakeHomeProjectTests.swift in Sources */,
			);
			runOnlyForDeploymentPostprocessing = 0;
		};
		2D94779D27C5AA620084EA50 /* Sources */ = {
			isa = PBXSourcesBuildPhase;
			buildActionMask = 2147483647;
			files = (
				2D9477A827C5AA620084EA50 /* FaireMobileTakeHomeProjectUITestsLaunchTests.swift in Sources */,
				2D9477A627C5AA620084EA50 /* FaireMobileTakeHomeProjectUITests.swift in Sources */,
			);
			runOnlyForDeploymentPostprocessing = 0;
		};
/* End PBXSourcesBuildPhase section */

/* Begin PBXTargetDependency section */
		2D94779927C5AA620084EA50 /* PBXTargetDependency */ = {
			isa = PBXTargetDependency;
			target = 2D94778627C5AA600084EA50 /* FaireMobileTakeHomeProject */;
			targetProxy = 2D94779827C5AA620084EA50 /* PBXContainerItemProxy */;
		};
		2D9477A327C5AA620084EA50 /* PBXTargetDependency */ = {
			isa = PBXTargetDependency;
			target = 2D94778627C5AA600084EA50 /* FaireMobileTakeHomeProject */;
			targetProxy = 2D9477A227C5AA620084EA50 /* PBXContainerItemProxy */;
		};
/* End PBXTargetDependency section */

/* Begin XCBuildConfiguration section */
		2D9477A927C5AA620084EA50 /* Debug */ = {
			isa = XCBuildConfiguration;
			buildSettings = {
				ALWAYS_SEARCH_USER_PATHS = NO;
				CLANG_ANALYZER_NONNULL = YES;
				CLANG_ANALYZER_NUMBER_OBJECT_CONVERSION = YES_AGGRESSIVE;
				CLANG_CXX_LANGUAGE_STANDARD = "gnu++17";
				CLANG_CXX_LIBRARY = "libc++";
				CLANG_ENABLE_MODULES = YES;
				CLANG_ENABLE_OBJC_ARC = YES;
				CLANG_ENABLE_OBJC_WEAK = YES;
				CLANG_WARN_BLOCK_CAPTURE_AUTORELEASING = YES;
				CLANG_WARN_BOOL_CONVERSION = YES;
				CLANG_WARN_COMMA = YES;
				CLANG_WARN_CONSTANT_CONVERSION = YES;
				CLANG_WARN_DEPRECATED_OBJC_IMPLEMENTATIONS = YES;
				CLANG_WARN_DIRECT_OBJC_ISA_USAGE = YES_ERROR;
				CLANG_WARN_DOCUMENTATION_COMMENTS = YES;
				CLANG_WARN_EMPTY_BODY = YES;
				CLANG_WARN_ENUM_CONVERSION = YES;
				CLANG_WARN_INFINITE_RECURSION = YES;
				CLANG_WARN_INT_CONVERSION = YES;
				CLANG_WARN_NON_LITERAL_NULL_CONVERSION = YES;
				CLANG_WARN_OBJC_IMPLICIT_RETAIN_SELF = YES;
				CLANG_WARN_OBJC_LITERAL_CONVERSION = YES;
				CLANG_WARN_OBJC_ROOT_CLASS = YES_ERROR;
				CLANG_WARN_QUOTED_INCLUDE_IN_FRAMEWORK_HEADER = YES;
				CLANG_WARN_RANGE_LOOP_ANALYSIS = YES;
				CLANG_WARN_STRICT_PROTOTYPES = YES;
				CLANG_WARN_SUSPICIOUS_MOVE = YES;
				CLANG_WARN_UNGUARDED_AVAILABILITY = YES_AGGRESSIVE;
				CLANG_WARN_UNREACHABLE_CODE = YES;
				CLANG_WARN__DUPLICATE_METHOD_MATCH = YES;
				COPY_PHASE_STRIP = NO;
				DEBUG_INFORMATION_FORMAT = dwarf;
				ENABLE_STRICT_OBJC_MSGSEND = YES;
				ENABLE_TESTABILITY = YES;
				GCC_C_LANGUAGE_STANDARD = gnu11;
				GCC_DYNAMIC_NO_PIC = NO;
				GCC_NO_COMMON_BLOCKS = YES;
				GCC_OPTIMIZATION_LEVEL = 0;
				GCC_PREPROCESSOR_DEFINITIONS = (
					"DEBUG=1",
					"$(inherited)",
				);
				GCC_WARN_64_TO_32_BIT_CONVERSION = YES;
				GCC_WARN_ABOUT_RETURN_TYPE = YES_ERROR;
				GCC_WARN_UNDECLARED_SELECTOR = YES;
				GCC_WARN_UNINITIALIZED_AUTOS = YES_AGGRESSIVE;
				GCC_WARN_UNUSED_FUNCTION = YES;
				GCC_WARN_UNUSED_VARIABLE = YES;
				IPHONEOS_DEPLOYMENT_TARGET = 15.2;
				MTL_ENABLE_DEBUG_INFO = INCLUDE_SOURCE;
				MTL_FAST_MATH = YES;
				ONLY_ACTIVE_ARCH = YES;
				SDKROOT = iphoneos;
				SWIFT_ACTIVE_COMPILATION_CONDITIONS = DEBUG;
				SWIFT_OPTIMIZATION_LEVEL = "-Onone";
			};
			name = Debug;
		};
		2D9477AA27C5AA620084EA50 /* Release */ = {
			isa = XCBuildConfiguration;
			buildSettings = {
				ALWAYS_SEARCH_USER_PATHS = NO;
				CLANG_ANALYZER_NONNULL = YES;
				CLANG_ANALYZER_NUMBER_OBJECT_CONVERSION = YES_AGGRESSIVE;
				CLANG_CXX_LANGUAGE_STANDARD = "gnu++17";
				CLANG_CXX_LIBRARY = "libc++";
				CLANG_ENABLE_MODULES = YES;
				CLANG_ENABLE_OBJC_ARC = YES;
				CLANG_ENABLE_OBJC_WEAK = YES;
				CLANG_WARN_BLOCK_CAPTURE_AUTORELEASING = YES;
				CLANG_WARN_BOOL_CONVERSION = YES;
				CLANG_WARN_COMMA = YES;
				CLANG_WARN_CONSTANT_CONVERSION = YES;
				CLANG_WARN_DEPRECATED_OBJC_IMPLEMENTATIONS = YES;
				CLANG_WARN_DIRECT_OBJC_ISA_USAGE = YES_ERROR;
				CLANG_WARN_DOCUMENTATION_COMMENTS = YES;
				CLANG_WARN_EMPTY_BODY = YES;
				CLANG_WARN_ENUM_CONVERSION = YES;
				CLANG_WARN_INFINITE_RECURSION = YES;
				CLANG_WARN_INT_CONVERSION = YES;
				CLANG_WARN_NON_LITERAL_NULL_CONVERSION = YES;
				CLANG_WARN_OBJC_IMPLICIT_RETAIN_SELF = YES;
				CLANG_WARN_OBJC_LITERAL_CONVERSION = YES;
				CLANG_WARN_OBJC_ROOT_CLASS = YES_ERROR;
				CLANG_WARN_QUOTED_INCLUDE_IN_FRAMEWORK_HEADER = YES;
				CLANG_WARN_RANGE_LOOP_ANALYSIS = YES;
				CLANG_WARN_STRICT_PROTOTYPES = YES;
				CLANG_WARN_SUSPICIOUS_MOVE = YES;
				CLANG_WARN_UNGUARDED_AVAILABILITY = YES_AGGRESSIVE;
				CLANG_WARN_UNREACHABLE_CODE = YES;
				CLANG_WARN__DUPLICATE_METHOD_MATCH = YES;
				COPY_PHASE_STRIP = NO;
				DEBUG_INFORMATION_FORMAT = "dwarf-with-dsym";
				ENABLE_NS_ASSERTIONS = NO;
				ENABLE_STRICT_OBJC_MSGSEND = YES;
				GCC_C_LANGUAGE_STANDARD = gnu11;
				GCC_NO_COMMON_BLOCKS = YES;
				GCC_WARN_64_TO_32_BIT_CONVERSION = YES;
				GCC_WARN_ABOUT_RETURN_TYPE = YES_ERROR;
				GCC_WARN_UNDECLARED_SELECTOR = YES;
				GCC_WARN_UNINITIALIZED_AUTOS = YES_AGGRESSIVE;
				GCC_WARN_UNUSED_FUNCTION = YES;
				GCC_WARN_UNUSED_VARIABLE = YES;
				IPHONEOS_DEPLOYMENT_TARGET = 15.2;
				MTL_ENABLE_DEBUG_INFO = NO;
				MTL_FAST_MATH = YES;
				SDKROOT = iphoneos;
				SWIFT_COMPILATION_MODE = wholemodule;
				SWIFT_OPTIMIZATION_LEVEL = "-O";
				VALIDATE_PRODUCT = YES;
			};
			name = Release;
		};
		2D9477AC27C5AA620084EA50 /* Debug */ = {
			isa = XCBuildConfiguration;
			buildSettings = {
				ASSETCATALOG_COMPILER_APPICON_NAME = AppIcon;
				ASSETCATALOG_COMPILER_GLOBAL_ACCENT_COLOR_NAME = AccentColor;
				CODE_SIGN_STYLE = Automatic;
				CURRENT_PROJECT_VERSION = 1;
				DEVELOPMENT_ASSET_PATHS = "\"FaireMobileTakeHomeProject/Preview Content\"";
				DEVELOPMENT_TEAM = GT7C9KV2QY;
				ENABLE_PREVIEWS = YES;
				GENERATE_INFOPLIST_FILE = YES;
				INFOPLIST_KEY_UIApplicationSceneManifest_Generation = YES;
				INFOPLIST_KEY_UIApplicationSupportsIndirectInputEvents = YES;
				INFOPLIST_KEY_UILaunchScreen_Generation = YES;
				INFOPLIST_KEY_UISupportedInterfaceOrientations_iPad = "UIInterfaceOrientationPortrait UIInterfaceOrientationPortraitUpsideDown UIInterfaceOrientationLandscapeLeft UIInterfaceOrientationLandscapeRight";
				INFOPLIST_KEY_UISupportedInterfaceOrientations_iPhone = "UIInterfaceOrientationPortrait UIInterfaceOrientationLandscapeLeft UIInterfaceOrientationLandscapeRight";
				LD_RUNPATH_SEARCH_PATHS = (
					"$(inherited)",
					"@executable_path/Frameworks",
				);
				MARKETING_VERSION = 1.0;
				PRODUCT_BUNDLE_IDENTIFIER = carloschfa.FaireMobileTakeHomeProject;
				PRODUCT_NAME = "$(TARGET_NAME)";
				SWIFT_EMIT_LOC_STRINGS = YES;
				SWIFT_VERSION = 5.0;
				TARGETED_DEVICE_FAMILY = "1,2";
			};
			name = Debug;
		};
		2D9477AD27C5AA620084EA50 /* Release */ = {
			isa = XCBuildConfiguration;
			buildSettings = {
				ASSETCATALOG_COMPILER_APPICON_NAME = AppIcon;
				ASSETCATALOG_COMPILER_GLOBAL_ACCENT_COLOR_NAME = AccentColor;
				CODE_SIGN_STYLE = Automatic;
				CURRENT_PROJECT_VERSION = 1;
				DEVELOPMENT_ASSET_PATHS = "\"FaireMobileTakeHomeProject/Preview Content\"";
				DEVELOPMENT_TEAM = GT7C9KV2QY;
				ENABLE_PREVIEWS = YES;
				GENERATE_INFOPLIST_FILE = YES;
				INFOPLIST_KEY_UIApplicationSceneManifest_Generation = YES;
				INFOPLIST_KEY_UIApplicationSupportsIndirectInputEvents = YES;
				INFOPLIST_KEY_UILaunchScreen_Generation = YES;
				INFOPLIST_KEY_UISupportedInterfaceOrientations_iPad = "UIInterfaceOrientationPortrait UIInterfaceOrientationPortraitUpsideDown UIInterfaceOrientationLandscapeLeft UIInterfaceOrientationLandscapeRight";
				INFOPLIST_KEY_UISupportedInterfaceOrientations_iPhone = "UIInterfaceOrientationPortrait UIInterfaceOrientationLandscapeLeft UIInterfaceOrientationLandscapeRight";
				LD_RUNPATH_SEARCH_PATHS = (
					"$(inherited)",
					"@executable_path/Frameworks",
				);
				MARKETING_VERSION = 1.0;
				PRODUCT_BUNDLE_IDENTIFIER = carloschfa.FaireMobileTakeHomeProject;
				PRODUCT_NAME = "$(TARGET_NAME)";
				SWIFT_EMIT_LOC_STRINGS = YES;
				SWIFT_VERSION = 5.0;
				TARGETED_DEVICE_FAMILY = "1,2";
			};
			name = Release;
		};
		2D9477AF27C5AA620084EA50 /* Debug */ = {
			isa = XCBuildConfiguration;
			buildSettings = {
				ALWAYS_EMBED_SWIFT_STANDARD_LIBRARIES = YES;
				BUNDLE_LOADER = "$(TEST_HOST)";
				CODE_SIGN_STYLE = Automatic;
				CURRENT_PROJECT_VERSION = 1;
				GENERATE_INFOPLIST_FILE = YES;
				IPHONEOS_DEPLOYMENT_TARGET = 15.2;
				MARKETING_VERSION = 1.0;
				PRODUCT_BUNDLE_IDENTIFIER = carloschfa.FaireMobileTakeHomeProjectTests;
				PRODUCT_NAME = "$(TARGET_NAME)";
				SWIFT_EMIT_LOC_STRINGS = NO;
				SWIFT_VERSION = 5.0;
				TARGETED_DEVICE_FAMILY = "1,2";
				TEST_HOST = "$(BUILT_PRODUCTS_DIR)/FaireMobileTakeHomeProject.app/FaireMobileTakeHomeProject";
			};
			name = Debug;
		};
		2D9477B027C5AA620084EA50 /* Release */ = {
			isa = XCBuildConfiguration;
			buildSettings = {
				ALWAYS_EMBED_SWIFT_STANDARD_LIBRARIES = YES;
				BUNDLE_LOADER = "$(TEST_HOST)";
				CODE_SIGN_STYLE = Automatic;
				CURRENT_PROJECT_VERSION = 1;
				GENERATE_INFOPLIST_FILE = YES;
				IPHONEOS_DEPLOYMENT_TARGET = 15.2;
				MARKETING_VERSION = 1.0;
				PRODUCT_BUNDLE_IDENTIFIER = carloschfa.FaireMobileTakeHomeProjectTests;
				PRODUCT_NAME = "$(TARGET_NAME)";
				SWIFT_EMIT_LOC_STRINGS = NO;
				SWIFT_VERSION = 5.0;
				TARGETED_DEVICE_FAMILY = "1,2";
				TEST_HOST = "$(BUILT_PRODUCTS_DIR)/FaireMobileTakeHomeProject.app/FaireMobileTakeHomeProject";
			};
			name = Release;
		};
		2D9477B227C5AA620084EA50 /* Debug */ = {
			isa = XCBuildConfiguration;
			buildSettings = {
				ALWAYS_EMBED_SWIFT_STANDARD_LIBRARIES = YES;
				CODE_SIGN_STYLE = Automatic;
				CURRENT_PROJECT_VERSION = 1;
				GENERATE_INFOPLIST_FILE = YES;
				MARKETING_VERSION = 1.0;
				PRODUCT_BUNDLE_IDENTIFIER = carloschfa.FaireMobileTakeHomeProjectUITests;
				PRODUCT_NAME = "$(TARGET_NAME)";
				SWIFT_EMIT_LOC_STRINGS = NO;
				SWIFT_VERSION = 5.0;
				TARGETED_DEVICE_FAMILY = "1,2";
				TEST_TARGET_NAME = FaireMobileTakeHomeProject;
			};
			name = Debug;
		};
		2D9477B327C5AA620084EA50 /* Release */ = {
			isa = XCBuildConfiguration;
			buildSettings = {
				ALWAYS_EMBED_SWIFT_STANDARD_LIBRARIES = YES;
				CODE_SIGN_STYLE = Automatic;
				CURRENT_PROJECT_VERSION = 1;
				GENERATE_INFOPLIST_FILE = YES;
				MARKETING_VERSION = 1.0;
				PRODUCT_BUNDLE_IDENTIFIER = carloschfa.FaireMobileTakeHomeProjectUITests;
				PRODUCT_NAME = "$(TARGET_NAME)";
				SWIFT_EMIT_LOC_STRINGS = NO;
				SWIFT_VERSION = 5.0;
				TARGETED_DEVICE_FAMILY = "1,2";
				TEST_TARGET_NAME = FaireMobileTakeHomeProject;
			};
			name = Release;
		};
/* End XCBuildConfiguration section */

/* Begin XCConfigurationList section */
		2D94778227C5AA600084EA50 /* Build configuration list for PBXProject "FaireMobileTakeHomeProject" */ = {
			isa = XCConfigurationList;
			buildConfigurations = (
				2D9477A927C5AA620084EA50 /* Debug */,
				2D9477AA27C5AA620084EA50 /* Release */,
			);
			defaultConfigurationIsVisible = 0;
			defaultConfigurationName = Release;
		};
		2D9477AB27C5AA620084EA50 /* Build configuration list for PBXNativeTarget "FaireMobileTakeHomeProject" */ = {
			isa = XCConfigurationList;
			buildConfigurations = (
				2D9477AC27C5AA620084EA50 /* Debug */,
				2D9477AD27C5AA620084EA50 /* Release */,
			);
			defaultConfigurationIsVisible = 0;
			defaultConfigurationName = Release;
		};
		2D9477AE27C5AA620084EA50 /* Build configuration list for PBXNativeTarget "FaireMobileTakeHomeProjectTests" */ = {
			isa = XCConfigurationList;
			buildConfigurations = (
				2D9477AF27C5AA620084EA50 /* Debug */,
				2D9477B027C5AA620084EA50 /* Release */,
			);
			defaultConfigurationIsVisible = 0;
			defaultConfigurationName = Release;
		};
		2D9477B127C5AA620084EA50 /* Build configuration list for PBXNativeTarget "FaireMobileTakeHomeProjectUITests" */ = {
			isa = XCConfigurationList;
			buildConfigurations = (
				2D9477B227C5AA620084EA50 /* Debug */,
				2D9477B327C5AA620084EA50 /* Release */,
			);
			defaultConfigurationIsVisible = 0;
			defaultConfigurationName = Release;
		};
/* End XCConfigurationList section */
	};
	rootObject = 2D94777F27C5AA600084EA50 /* Project object */;
}
